dependencies:
  espressif/mdns:
    component_hash: 26d0b8b207c7d8382cb3c103a9add9c75ca4dc0ef172b03a98af2c2254b2792b
    dependencies:
    - name: idf
      require: private
      version: '>=5.0'
    source:
      registry_url: https://components.espressif.com/
      type: service
    version: 1.6.0
  idf:
    source:
      type: idf
    version: 5.4.0
  lvgl/lvgl:
    component_hash: 096c69af22eaf8a2b721e3913da91918c5e6bf1a762a113ec01f401aa61337a0
    dependencies: []
    source:
      registry_url: https://components.espressif.com/
      type: service
    version: 9.2.2
direct_dependencies:
- espressif/mdns
- idf
- lvgl/lvgl
manifest_hash: a3a1884f6213322f1ec89361727f27590523bbd7c0f75283fa0c43046fd5affd
target: esp32
version: 2.0.0
